# This file is @generated by PDM.
# It is not intended for manual editing.

[metadata]
groups = ["default"]
strategy = ["cross_platform", "inherit_metadata"]
lock_version = "4.4.1"
content_hash = "sha256:db3dbf2a4ee1cafd478f28b43da1dafd0335870b52563b42ccbcaf5f9fbc72f2"

[[package]]
name = "py4j"
version = "0.10.9.7"
summary = "Enables Python programs to dynamically access arbitrary Java objects"
groups = ["default"]
files = [
    {file = "py4j-0.10.9.7-py2.py3-none-any.whl", hash = "sha256:85defdfd2b2376eb3abf5ca6474b51ab7e0de341c75a02f46dc9b5976f5a5c1b"},
    {file = "py4j-0.10.9.7.tar.gz", hash = "sha256:0b6e5315bb3ada5cf62ac651d107bb2ebc02def3dee9d9548e3baac644ea8dbb"},
]

[[package]]
name = "pypandoc"
version = "1.13"
requires_python = ">=3.6"
summary = "Thin wrapper for pandoc."
groups = ["default"]
files = [
    {file = "pypandoc-1.13-py3-none-any.whl", hash = "sha256:4c7d71bf2f1ed122aac287113b5c4d537a33bbc3c1df5aed11a7d4a7ac074681"},
    {file = "pypandoc-1.13.tar.gz", hash = "sha256:31652073c7960c2b03570bd1e94f602ca9bc3e70099df5ead4cea98ff5151c1e"},
]

[[package]]
name = "pyspark"
version = "3.5.1"
requires_python = ">=3.8"
summary = "Apache Spark Python API"
groups = ["default"]
dependencies = [
    "py4j==0.10.9.7",
]
files = [
    {file = "pyspark-3.5.1.tar.gz", hash = "sha256:dd6569e547365eadc4f887bf57f153e4d582a68c4b490de475d55b9981664910"},
]
